
Microsoft Visual Studio Solution File, Format Version 12.00
# Visual Studio 15
VisualStudioVersion = 15.0.28307.136
MinimumVisualStudioVersion = 10.0.40219.1
Project("{FAE04EC0-301F-11D3-BF4B-00C04F79EFBC}") = "ArgsAnalyzer", "ArgsAnalyzer\ArgsAnalyzer.csproj", "{0D52F3B8-5929-4956-8BB2-F0CF011DD528}"
EndProject
Project("{FAE04EC0-301F-11D3-BF4B-00C04F79EFBC}") = "ArgsAnalyzerDriver", "ArgsAnalyzerDriver\ArgsAnalyzerDriver.csproj", "{60D3CF12-ABF0-48FC-928F-BAFD1A80D395}"
EndProject
Project("{FAE04EC0-301F-11D3-BF4B-00C04F79EFBC}") = "CliToolTemplate", "CliToolTemplate\CliToolTemplate.csproj", "{FDFE5D8D-CA42-4EDF-89FC-958195D7A353}"
EndProject
Project("{FAE04EC0-301F-11D3-BF4B-00C04F79EFBC}") = "CliToolTemplateSample", "CliToolTemplateSample\CliToolTemplateSample.csproj", "{FA7CF46A-93E3-4C24-B116-8B4E071ECFC7}"
EndProject
Global
	GlobalSection(SolutionConfigurationPlatforms) = preSolution
		Debug|Any CPU = Debug|Any CPU
		Release|Any CPU = Release|Any CPU
	EndGlobalSection
	GlobalSection(ProjectConfigurationPlatforms) = postSolution
		{0D52F3B8-5929-4956-8BB2-F0CF011DD528}.Debug|Any CPU.ActiveCfg = Debug|Any CPU
		{0D52F3B8-5929-4956-8BB2-F0CF011DD528}.Debug|Any CPU.Build.0 = Debug|Any CPU
		{0D52F3B8-5929-4956-8BB2-F0CF011DD528}.Release|Any CPU.ActiveCfg = Release|Any CPU
		{0D52F3B8-5929-4956-8BB2-F0CF011DD528}.Release|Any CPU.Build.0 = Release|Any CPU
		{60D3CF12-ABF0-48FC-928F-BAFD1A80D395}.Debug|Any CPU.ActiveCfg = Debug|Any CPU
		{60D3CF12-ABF0-48FC-928F-BAFD1A80D395}.Debug|Any CPU.Build.0 = Debug|Any CPU
		{60D3CF12-ABF0-48FC-928F-BAFD1A80D395}.Release|Any CPU.ActiveCfg = Release|Any CPU
		{60D3CF12-ABF0-48FC-928F-BAFD1A80D395}.Release|Any CPU.Build.0 = Release|Any CPU
		{FDFE5D8D-CA42-4EDF-89FC-958195D7A353}.Debug|Any CPU.ActiveCfg = Debug|Any CPU
		{FDFE5D8D-CA42-4EDF-89FC-958195D7A353}.Debug|Any CPU.Build.0 = Debug|Any CPU
		{FDFE5D8D-CA42-4EDF-89FC-958195D7A353}.Release|Any CPU.ActiveCfg = Release|Any CPU
		{FDFE5D8D-CA42-4EDF-89FC-958195D7A353}.Release|Any CPU.Build.0 = Release|Any CPU
		{FA7CF46A-93E3-4C24-B116-8B4E071ECFC7}.Debug|Any CPU.ActiveCfg = Debug|Any CPU
		{FA7CF46A-93E3-4C24-B116-8B4E071ECFC7}.Debug|Any CPU.Build.0 = Debug|Any CPU
		{FA7CF46A-93E3-4C24-B116-8B4E071ECFC7}.Release|Any CPU.ActiveCfg = Release|Any CPU
		{FA7CF46A-93E3-4C24-B116-8B4E071ECFC7}.Release|Any CPU.Build.0 = Release|Any CPU
	EndGlobalSection
	GlobalSection(SolutionProperties) = preSolution
		HideSolutionNode = FALSE
	EndGlobalSection
	GlobalSection(ExtensibilityGlobals) = postSolution
		SolutionGuid = {06B86C38-CE10-47B5-90B9-F4AA0CE11F2C}
	EndGlobalSection
EndGlobal
